// !$*UTF8*$!
{
	archiveVersion = 1;
	classes = {
	};
	objectVersion = 46;
	objects = {

/* Begin PBXBuildFile section */
		40D7BB9B1B60C5A0006F97EC /* main.m in Sources */ = {isa = PBXBuildFile; fileRef = 40D7BB9A1B60C5A0006F97EC /* main.m */; };
		40D7BB9E1B60C5A0006F97EC /* AppDelegate.m in Sources */ = {isa = PBXBuildFile; fileRef = 40D7BB9D1B60C5A0006F97EC /* AppDelegate.m */; };
		40D7BBA11B60C5A0006F97EC /* ViewController.m in Sources */ = {isa = PBXBuildFile; fileRef = 40D7BBA01B60C5A0006F97EC /* ViewController.m */; };
		40D7BBA41B60C5A0006F97EC /* Main.storyboard in Resources */ = {isa = PBXBuildFile; fileRef = 40D7BBA21B60C5A0006F97EC /* Main.storyboard */; };
		40D7BBA61B60C5A0006F97EC /* Images.xcassets in Resources */ = {isa = PBXBuildFile; fileRef = 40D7BBA51B60C5A0006F97EC /* Images.xcassets */; };
		40D7BBA91B60C5A0006F97EC /* LaunchScreen.xib in Resources */ = {isa = PBXBuildFile; fileRef = 40D7BBA71B60C5A0006F97EC /* LaunchScreen.xib */; };
		40D7BBB51B60C5A0006F97EC /* categoriesTests.m in Sources */ = {isa = PBXBuildFile; fileRef = 40D7BBB41B60C5A0006F97EC /* categoriesTests.m */; };
		40D7BBC61B60C9DF006F97EC /* NSString+StringRemoveSpace.m in Sources */ = {isa = PBXBuildFile; fileRef = 40D7BBC51B60C9DF006F97EC /* NSString+StringRemoveSpace.m */; };
		40D7BBC91B60CCB4006F97EC /* UIColor+BackgroundColorchange.m in Sources */ = {isa = PBXBuildFile; fileRef = 40D7BBC81B60CCB4006F97EC /* UIColor+BackgroundColorchange.m */; };
		40D7BBD21B6102AD006F97EC /* NSArray+ArrayCategory.m in Sources */ = {isa = PBXBuildFile; fileRef = 40D7BBD11B6102AD006F97EC /* NSArray+ArrayCategory.m */; };
/* End PBXBuildFile section */

/* Begin PBXContainerItemProxy section */
		40D7BBAF1B60C5A0006F97EC /* PBXContainerItemProxy */ = {
			isa = PBXContainerItemProxy;
			containerPortal = 40D7BB8D1B60C5A0006F97EC /* Project object */;
			proxyType = 1;
			remoteGlobalIDString = 40D7BB941B60C5A0006F97EC;
			remoteInfo = categories;
		};
/* End PBXContainerItemProxy section */

/* Begin PBXFileReference section */
		40D7BB951B60C5A0006F97EC /* categories.app */ = {isa = PBXFileReference; explicitFileType = wrapper.application; includeInIndex = 0; path = categories.app; sourceTree = BUILT_PRODUCTS_DIR; };
		40D7BB991B60C5A0006F97EC /* Info.plist */ = {isa = PBXFileReference; lastKnownFileType = text.plist.xml; path = Info.plist; sourceTree = "<group>"; };
		40D7BB9A1B60C5A0006F97EC /* main.m */ = {isa = PBXFileReference; lastKnownFileType = sourcecode.c.objc; path = main.m; sourceTree = "<group>"; };
		40D7BB9C1B60C5A0006F97EC /* AppDelegate.h */ = {isa = PBXFileReference; lastKnownFileType = sourcecode.c.h; path = AppDelegate.h; sourceTree = "<group>"; };
		40D7BB9D1B60C5A0006F97EC /* AppDelegate.m */ = {isa = PBXFileReference; lastKnownFileType = sourcecode.c.objc; path = AppDelegate.m; sourceTree = "<group>"; };
		40D7BB9F1B60C5A0006F97EC /* ViewController.h */ = {isa = PBXFileReference; lastKnownFileType = sourcecode.c.h; path = ViewController.h; sourceTree = "<group>"; };
		40D7BBA01B60C5A0006F97EC /* ViewController.m */ = {isa = PBXFileReference; lastKnownFileType = sourcecode.c.objc; path = ViewController.m; sourceTree = "<group>"; };
		40D7BBA31B60C5A0006F97EC /* Base */ = {isa = PBXFileReference; lastKnownFileType = file.storyboard; name = Base; path = Base.lproj/Main.storyboard; sourceTree = "<group>"; };
		40D7BBA51B60C5A0006F97EC /* Images.xcassets */ = {isa = PBXFileReference; lastKnownFileType = folder.assetcatalog; path = Images.xcassets; sourceTree = "<group>"; };
		40D7BBA81B60C5A0006F97EC /* Base */ = {isa = PBXFileReference; lastKnownFileType = file.xib; name = Base; path = Base.lproj/LaunchScreen.xib; sourceTree = "<group>"; };
		40D7BBAE1B60C5A0006F97EC /* categoriesTests.xctest */ = {isa = PBXFileReference; explicitFileType = wrapper.cfbundle; includeInIndex = 0; path = categoriesTests.xctest; sourceTree = BUILT_PRODUCTS_DIR; };
		40D7BBB31B60C5A0006F97EC /* Info.plist */ = {isa = PBXFileReference; lastKnownFileType = text.plist.xml; path = Info.plist; sourceTree = "<group>"; };
		40D7BBB41B60C5A0006F97EC /* categoriesTests.m */ = {isa = PBXFileReference; lastKnownFileType = sourcecode.c.objc; path = categoriesTests.m; sourceTree = "<group>"; };
		40D7BBC41B60C9DF006F97EC /* NSString+StringRemoveSpace.h */ = {isa = PBXFileReference; fileEncoding = 4; lastKnownFileType = sourcecode.c.h; path = "NSString+StringRemoveSpace.h"; sourceTree = "<group>"; };
		40D7BBC51B60C9DF006F97EC /* NSString+StringRemoveSpace.m */ = {isa = PBXFileReference; fileEncoding = 4; lastKnownFileType = sourcecode.c.objc; path = "NSString+StringRemoveSpace.m"; sourceTree = "<group>"; };
		40D7BBC71B60CCB4006F97EC /* UIColor+BackgroundColorchange.h */ = {isa = PBXFileReference; fileEncoding = 4; lastKnownFileType = sourcecode.c.h; path = "UIColor+BackgroundColorchange.h"; sourceTree = "<group>"; };
		40D7BBC81B60CCB4006F97EC /* UIColor+BackgroundColorchange.m */ = {isa = PBXFileReference; fileEncoding = 4; lastKnownFileType = sourcecode.c.objc; path = "UIColor+BackgroundColorchange.m"; sourceTree = "<group>"; };
		40D7BBD01B6102AD006F97EC /* NSArray+ArrayCategory.h */ = {isa = PBXFileReference; fileEncoding = 4; lastKnownFileType = sourcecode.c.h; path = "NSArray+ArrayCategory.h"; sourceTree = "<group>"; };
		40D7BBD11B6102AD006F97EC /* NSArray+ArrayCategory.m */ = {isa = PBXFileReference; fileEncoding = 4; lastKnownFileType = sourcecode.c.objc; path = "NSArray+ArrayCategory.m"; sourceTree = "<group>"; };
/* End PBXFileReference section */

/* Begin PBXFrameworksBuildPhase section */
		40D7BB921B60C5A0006F97EC /* Frameworks */ = {
			isa = PBXFrameworksBuildPhase;
			buildActionMask = 2147483647;
			files = (
			);
			runOnlyForDeploymentPostprocessing = 0;
		};
		40D7BBAB1B60C5A0006F97EC /* Frameworks */ = {
			isa = PBXFrameworksBuildPhase;
			buildActionMask = 2147483647;
			files = (
			);
			runOnlyForDeploymentPostprocessing = 0;
		};
/* End PBXFrameworksBuildPhase section */

/* Begin PBXGroup section */
		40D7BB8C1B60C5A0006F97EC = {
			isa = PBXGroup;
			children = (
				40D7BBD01B6102AD006F97EC /* NSArray+ArrayCategory.h */,
				40D7BBD11B6102AD006F97EC /* NSArray+ArrayCategory.m */,
				40D7BBC71B60CCB4006F97EC /* UIColor+BackgroundColorchange.h */,
				40D7BBC81B60CCB4006F97EC /* UIColor+BackgroundColorchange.m */,
				40D7BBC41B60C9DF006F97EC /* NSString+StringRemoveSpace.h */,
				40D7BBC51B60C9DF006F97EC /* NSString+StringRemoveSpace.m */,
				40D7BB971B60C5A0006F97EC /* categories */,
				40D7BBB11B60C5A0006F97EC /* categoriesTests */,
				40D7BB961B60C5A0006F97EC /* Products */,
			);
			sourceTree = "<group>";
		};
		40D7BB961B60C5A0006F97EC /* Products */ = {
			isa = PBXGroup;
			children = (
				40D7BB951B60C5A0006F97EC /* categories.app */,
				40D7BBAE1B60C5A0006F97EC /* categoriesTests.xctest */,
			);
			name = Products;
			sourceTree = "<group>";
		};
		40D7BB971B60C5A0006F97EC /* categories */ = {
			isa = PBXGroup;
			children = (
				40D7BB9C1B60C5A0006F97EC /* AppDelegate.h */,
				40D7BB9D1B60C5A0006F97EC /* AppDelegate.m */,
				40D7BB9F1B60C5A0006F97EC /* ViewController.h */,
				40D7BBA01B60C5A0006F97EC /* ViewController.m */,
				40D7BBA21B60C5A0006F97EC /* Main.storyboard */,
				40D7BBA51B60C5A0006F97EC /* Images.xcassets */,
				40D7BBA71B60C5A0006F97EC /* LaunchScreen.xib */,
				40D7BB981B60C5A0006F97EC /* Supporting Files */,
			);
			path = categories;
			sourceTree = "<group>";
		};
		40D7BB981B60C5A0006F97EC /* Supporting Files */ = {
			isa = PBXGroup;
			children = (
				40D7BB991B60C5A0006F97EC /* Info.plist */,
				40D7BB9A1B60C5A0006F97EC /* main.m */,
			);
			name = "Supporting Files";
			sourceTree = "<group>";
		};
		40D7BBB11B60C5A0006F97EC /* categoriesTests */ = {
			isa = PBXGroup;
			children = (
				40D7BBB41B60C5A0006F97EC /* categoriesTests.m */,
				40D7BBB21B60C5A0006F97EC /* Supporting Files */,
			);
			path = categoriesTests;
			sourceTree = "<group>";
		};
		40D7BBB21B60C5A0006F97EC /* Supporting Files */ = {
			isa = PBXGroup;
			children = (
				40D7BBB31B60C5A0006F97EC /* Info.plist */,
			);
			name = "Supporting Files";
			sourceTree = "<group>";
		};
/* End PBXGroup section */

/* Begin PBXNativeTarget section */
		40D7BB941B60C5A0006F97EC /* categories */ = {
			isa = PBXNativeTarget;
			buildConfigurationList = 40D7BBB81B60C5A0006F97EC /* Build configuration list for PBXNativeTarget "categories" */;
			buildPhases = (
				40D7BB911B60C5A0006F97EC /* Sources */,
				40D7BB921B60C5A0006F97EC /* Frameworks */,
				40D7BB931B60C5A0006F97EC /* Resources */,
			);
			buildRules = (
			);
			dependencies = (
			);
			name = categories;
			productName = categories;
			productReference = 40D7BB951B60C5A0006F97EC /* categories.app */;
			productType = "com.apple.product-type.application";
		};
		40D7BBAD1B60C5A0006F97EC /* categoriesTests */ = {
			isa = PBXNativeTarget;
			buildConfigurationList = 40D7BBBB1B60C5A0006F97EC /* Build configuration list for PBXNativeTarget "categoriesTests" */;
			buildPhases = (
				40D7BBAA1B60C5A0006F97EC /* Sources */,
				40D7BBAB1B60C5A0006F97EC /* Frameworks */,
				40D7BBAC1B60C5A0006F97EC /* Resources */,
			);
			buildRules = (
			);
			dependencies = (
				40D7BBB01B60C5A0006F97EC /* PBXTargetDependency */,
			);
			name = categoriesTests;
			productName = categoriesTests;
			productReference = 40D7BBAE1B60C5A0006F97EC /* categoriesTests.xctest */;
			productType = "com.apple.product-type.bundle.unit-test";
		};
/* End PBXNativeTarget section */

/* Begin PBXProject section */
		40D7BB8D1B60C5A0006F97EC /* Project object */ = {
			isa = PBXProject;
			attributes = {
				LastUpgradeCheck = 0630;
				ORGANIZATIONNAME = OptisolBusinessSolutions;
				TargetAttributes = {
					40D7BB941B60C5A0006F97EC = {
						CreatedOnToolsVersion = 6.3.1;
					};
					40D7BBAD1B60C5A0006F97EC = {
						CreatedOnToolsVersion = 6.3.1;
						TestTargetID = 40D7BB941B60C5A0006F97EC;
					};
				};
			};
			buildConfigurationList = 40D7BB901B60C5A0006F97EC /* Build configuration list for PBXProject "categories" */;
			compatibilityVersion = "Xcode 3.2";
			developmentRegion = English;
			hasScannedForEncodings = 0;
			knownRegions = (
				en,
				Base,
			);
			mainGroup = 40D7BB8C1B60C5A0006F97EC;
			productRefGroup = 40D7BB961B60C5A0006F97EC /* Products */;
			projectDirPath = "";
			projectRoot = "";
			targets = (
				40D7BB941B60C5A0006F97EC /* categories */,
				40D7BBAD1B60C5A0006F97EC /* categoriesTests */,
			);
		};
/* End PBXProject section */

/* Begin PBXResourcesBuildPhase section */
		40D7BB931B60C5A0006F97EC /* Resources */ = {
			isa = PBXResourcesBuildPhase;
			buildActionMask = 2147483647;
			files = (
				40D7BBA41B60C5A0006F97EC /* Main.storyboard in Resources */,
				40D7BBA91B60C5A0006F97EC /* LaunchScreen.xib in Resources */,
				40D7BBA61B60C5A0006F97EC /* Images.xcassets in Resources */,
			);
			runOnlyForDeploymentPostprocessing = 0;
		};
		40D7BBAC1B60C5A0006F97EC /* Resources */ = {
			isa = PBXResourcesBuildPhase;
			buildActionMask = 2147483647;
			files = (
			);
			runOnlyForDeploymentPostprocessing = 0;
		};
/* End PBXResourcesBuildPhase section */

/* Begin PBXSourcesBuildPhase section */
		40D7BB911B60C5A0006F97EC /* Sources */ = {
			isa = PBXSourcesBuildPhase;
			buildActionMask = 2147483647;
			files = (
				40D7BBA11B60C5A0006F97EC /* ViewController.m in Sources */,
				40D7BBC91B60CCB4006F97EC /* UIColor+BackgroundColorchange.m in Sources */,
				40D7BBD21B6102AD006F97EC /* NSArray+ArrayCategory.m in Sources */,
				40D7BB9E1B60C5A0006F97EC /* AppDelegate.m in Sources */,
				40D7BB9B1B60C5A0006F97EC /* main.m in Sources */,
				40D7BBC61B60C9DF006F97EC /* NSString+StringRemoveSpace.m in Sources */,
			);
			runOnlyForDeploymentPostprocessing = 0;
		};
		40D7BBAA1B60C5A0006F97EC /* Sources */ = {
			isa = PBXSourcesBuildPhase;
			buildActionMask = 2147483647;
			files = (
				40D7BBB51B60C5A0006F97EC /* categoriesTests.m in Sources */,
			);
			runOnlyForDeploymentPostprocessing = 0;
		};
/* End PBXSourcesBuildPhase section */

/* Begin PBXTargetDependency section */
		40D7BBB01B60C5A0006F97EC /* PBXTargetDependency */ = {
			isa = PBXTargetDependency;
			target = 40D7BB941B60C5A0006F97EC /* categories */;
			targetProxy = 40D7BBAF1B60C5A0006F97EC /* PBXContainerItemProxy */;
		};
/* End PBXTargetDependency section */

/* Begin PBXVariantGroup section */
		40D7BBA21B60C5A0006F97EC /* Main.storyboard */ = {
			isa = PBXVariantGroup;
			children = (
				40D7BBA31B60C5A0006F97EC /* Base */,
			);
			name = Main.storyboard;
			sourceTree = "<group>";
		};
		40D7BBA71B60C5A0006F97EC /* LaunchScreen.xib */ = {
			isa = PBXVariantGroup;
			children = (
				40D7BBA81B60C5A0006F97EC /* Base */,
			);
			name = LaunchScreen.xib;
			sourceTree = "<group>";
		};
/* End PBXVariantGroup section */

/* Begin XCBuildConfiguration section */
		40D7BBB61B60C5A0006F97EC /* Debug */ = {
			isa = XCBuildConfiguration;
			buildSettings = {
				ALWAYS_SEARCH_USER_PATHS = NO;
				CLANG_CXX_LANGUAGE_STANDARD = "gnu++0x";
				CLANG_CXX_LIBRARY = "libc++";
				CLANG_ENABLE_MODULES = YES;
				CLANG_ENABLE_OBJC_ARC = YES;
				CLANG_WARN_BOOL_CONVERSION = YES;
				CLANG_WARN_CONSTANT_CONVERSION = YES;
				CLANG_WARN_DIRECT_OBJC_ISA_USAGE = YES_ERROR;
				CLANG_WARN_EMPTY_BODY = YES;
				CLANG_WARN_ENUM_CONVERSION = YES;
				CLANG_WARN_INT_CONVERSION = YES;
				CLANG_WARN_OBJC_ROOT_CLASS = YES_ERROR;
				CLANG_WARN_UNREACHABLE_CODE = YES;
				CLANG_WARN__DUPLICATE_METHOD_MATCH = YES;
				"CODE_SIGN_IDENTITY[sdk=iphoneos*]" = "iPhone Developer";
				COPY_PHASE_STRIP = NO;
				DEBUG_INFORMATION_FORMAT = "dwarf-with-dsym";
				ENABLE_STRICT_OBJC_MSGSEND = YES;
				GCC_C_LANGUAGE_STANDARD = gnu99;
				GCC_DYNAMIC_NO_PIC = NO;
				GCC_NO_COMMON_BLOCKS = YES;
				GCC_OPTIMIZATION_LEVEL = 0;
				GCC_PREPROCESSOR_DEFINITIONS = (
					"DEBUG=1",
					"$(inherited)",
				);
				GCC_SYMBOLS_PRIVATE_EXTERN = NO;
				GCC_WARN_64_TO_32_BIT_CONVERSION = YES;
				GCC_WARN_ABOUT_RETURN_TYPE = YES_ERROR;
				GCC_WARN_UNDECLARED_SELECTOR = YES;
				GCC_WARN_UNINITIALIZED_AUTOS = YES_AGGRESSIVE;
				GCC_WARN_UNUSED_FUNCTION = YES;
				GCC_WARN_UNUSED_VARIABLE = YES;
				IPHONEOS_DEPLOYMENT_TARGET = 8.3;
				MTL_ENABLE_DEBUG_INFO = YES;
				ONLY_ACTIVE_ARCH = YES;
				SDKROOT = iphoneos;
				TARGETED_DEVICE_FAMILY = "1,2";
			};
			name = Debug;
		};
		40D7BBB71B60C5A0006F97EC /* Release */ = {
			isa = XCBuildConfiguration;
			buildSettings = {
				ALWAYS_SEARCH_USER_PATHS = NO;
				CLANG_CXX_LANGUAGE_STANDARD = "gnu++0x";
				CLANG_CXX_LIBRARY = "libc++";
				CLANG_ENABLE_MODULES = YES;
				CLANG_ENABLE_OBJC_ARC = YES;
				CLANG_WARN_BOOL_CONVERSION = YES;
				CLANG_WARN_CONSTANT_CONVERSION = YES;
				CLANG_WARN_DIRECT_OBJC_ISA_USAGE = YES_ERROR;
				CLANG_WARN_EMPTY_BODY = YES;
				CLANG_WARN_ENUM_CONVERSION = YES;
				CLANG_WARN_INT_CONVERSION = YES;
				CLANG_WARN_OBJC_ROOT_CLASS = YES_ERROR;
				CLANG_WARN_UNREACHABLE_CODE = YES;
				CLANG_WARN__DUPLICATE_METHOD_MATCH = YES;
				"CODE_SIGN_IDENTITY[sdk=iphoneos*]" = "iPhone Developer";
				COPY_PHASE_STRIP = NO;
				DEBUG_INFORMATION_FORMAT = "dwarf-with-dsym";
				ENABLE_NS_ASSERTIONS = NO;
				ENABLE_STRICT_OBJC_MSGSEND = YES;
				GCC_C_LANGUAGE_STANDARD = gnu99;
				GCC_NO_COMMON_BLOCKS = YES;
				GCC_WARN_64_TO_32_BIT_CONVERSION = YES;
				GCC_WARN_ABOUT_RETURN_TYPE = YES_ERROR;
				GCC_WARN_UNDECLARED_SELECTOR = YES;
				GCC_WARN_UNINITIALIZED_AUTOS = YES_AGGRESSIVE;
				GCC_WARN_UNUSED_FUNCTION = YES;
				GCC_WARN_UNUSED_VARIABLE = YES;
				IPHONEOS_DEPLOYMENT_TARGET = 8.3;
				MTL_ENABLE_DEBUG_INFO = NO;
				SDKROOT = iphoneos;
				TARGETED_DEVICE_FAMILY = "1,2";
				VALIDATE_PRODUCT = YES;
			};
			name = Release;
		};
		40D7BBB91B60C5A0006F97EC /* Debug */ = {
			isa = XCBuildConfiguration;
			buildSettings = {
				ASSETCATALOG_COMPILER_APPICON_NAME = AppIcon;
				INFOPLIST_FILE = categories/Info.plist;
				LD_RUNPATH_SEARCH_PATHS = "$(inherited) @executable_path/Frameworks";
				PRODUCT_NAME = "$(TARGET_NAME)";
			};
			name = Debug;
		};
		40D7BBBA1B60C5A0006F97EC /* Release */ = {
			isa = XCBuildConfiguration;
			buildSettings = {
				ASSETCATALOG_COMPILER_APPICON_NAME = AppIcon;
				INFOPLIST_FILE = categories/Info.plist;
				LD_RUNPATH_SEARCH_PATHS = "$(inherited) @executable_path/Frameworks";
				PRODUCT_NAME = "$(TARGET_NAME)";
			};
			name = Release;
		};
		40D7BBBC1B60C5A0006F97EC /* Debug */ = {
			isa = XCBuildConfiguration;
			buildSettings = {
				BUNDLE_LOADER = "$(TEST_HOST)";
				FRAMEWORK_SEARCH_PATHS = (
					"$(SDKROOT)/Developer/Library/Frameworks",
					"$(inherited)",
				);
				GCC_PREPROCESSOR_DEFINITIONS = (
					"DEBUG=1",
					"$(inherited)",
				);
				INFOPLIST_FILE = categoriesTests/Info.plist;
				LD_RUNPATH_SEARCH_PATHS = "$(inherited) @executable_path/Frameworks @loader_path/Frameworks";
				PRODUCT_NAME = "$(TARGET_NAME)";
				TEST_HOST = "$(BUILT_PRODUCTS_DIR)/categories.app/categories";
			};
			name = Debug;
		};
		40D7BBBD1B60C5A0006F97EC /* Release */ = {
			isa = XCBuildConfiguration;
			buildSettings = {
				BUNDLE_LOADER = "$(TEST_HOST)";
				FRAMEWORK_SEARCH_PATHS = (
					"$(SDKROOT)/Developer/Library/Frameworks",
					"$(inherited)",
				);
				INFOPLIST_FILE = categoriesTests/Info.plist;
				LD_RUNPATH_SEARCH_PATHS = "$(inherited) @executable_path/Frameworks @loader_path/Frameworks";
				PRODUCT_NAME = "$(TARGET_NAME)";
				TEST_HOST = "$(BUILT_PRODUCTS_DIR)/categories.app/categories";
			};
			name = Release;
		};
/* End XCBuildConfiguration section */

/* Begin XCConfigurationList section */
		40D7BB901B60C5A0006F97EC /* Build configuration list for PBXProject "categories" */ = {
			isa = XCConfigurationList;
			buildConfigurations = (
				40D7BBB61B60C5A0006F97EC /* Debug */,
				40D7BBB71B60C5A0006F97EC /* Release */,
			);
			defaultConfigurationIsVisible = 0;
			defaultConfigurationName = Release;
		};
		40D7BBB81B60C5A0006F97EC /* Build configuration list for PBXNativeTarget "categories" */ = {
			isa = XCConfigurationList;
			buildConfigurations = (
				40D7BBB91B60C5A0006F97EC /* Debug */,
				40D7BBBA1B60C5A0006F97EC /* Release */,
			);
			defaultConfigurationIsVisible = 0;
			defaultConfigurationName = Release;
		};
		40D7BBBB1B60C5A0006F97EC /* Build configuration list for PBXNativeTarget "categoriesTests" */ = {
			isa = XCConfigurationList;
			buildConfigurations = (
				40D7BBBC1B60C5A0006F97EC /* Debug */,
				40D7BBBD1B60C5A0006F97EC /* Release */,
			);
			defaultConfigurationIsVisible = 0;
			defaultConfigurationName = Release;
		};
/* End XCConfigurationList section */
	};
	rootObject = 40D7BB8D1B60C5A0006F97EC /* Project object */;
}
